dependencies:
- name: editor
  repository: https://charts.nected.io/
  version: 0.3.8
- name: konark
  repository: https://charts.nected.io/
  version: 0.3.11
- name: nalanda
  repository: https://charts.nected.io/
  version: 0.3.12
- name: sql-linter
  repository: https://charts.nected.io/
  version: 0.2.3
- name: vidhaan-router
  repository: https://charts.nected.io/
  version: 0.3.11
- name: vidhaan-executer
  repository: https://charts.nected.io/
  version: 0.3.11
- name: garuda
  repository: https://charts.nected.io/
  version: 0.3.3
digest: sha256:b49e29c568038ebf985bb0b487260584cf21c60414f558bc50107ca59dd92e4b
generated: "2025-04-11T16:16:08.738141+05:30"
