dependencies:
- name: editor
  repository: https://charts.nected.io/
  version: 0.3.12
- name: konark
  repository: https://charts.nected.io/
  version: 0.3.17
- name: nalanda
  repository: https://charts.nected.io/
  version: 0.3.20
- name: sql-linter
  repository: https://charts.nected.io/
  version: 0.2.4
- name: vidhaan-router
  repository: https://charts.nected.io/
  version: 0.3.22
- name: vidhaan-executer
  repository: https://charts.nected.io/
  version: 0.3.22
- name: garuda
  repository: https://charts.nected.io/
  version: 0.3.4
digest: sha256:f953d8681a0e01578af24f6ce58a13b0f8362e88deccf1f7aedd80aa48e03e69
generated: "2025-08-07T00:49:54.221572+05:30"
