dependencies:
- name: editor
  repository: https://charts.nected.io/
  version: 0.3.14
- name: konark
  repository: https://charts.nected.io/
  version: 0.3.23
- name: nalanda
  repository: https://charts.nected.io/
  version: 0.3.24
- name: medha
  repository: https://charts.nected.io/
  version: 0.1.1
- name: vidhaan-router
  repository: https://charts.nected.io/
  version: 0.3.27
- name: vidhaan-executer
  repository: https://charts.nected.io/
  version: 0.3.27
- name: garuda
  repository: https://charts.nected.io/
  version: 0.3.4
digest: sha256:f2fa163f9f12928bdc0c7be5d14993b416f9e41f242afaf226645704f5b9fbde
generated: "2025-10-01T15:40:23.999234+05:30"
