dependencies:
- name: postgresql
  repository: https://charts.bitnami.com/bitnami
  version: 15.2.2
- name: mongodb
  repository: https://charts.bitnami.com/bitnami
  version: 15.1.1
- name: redis
  repository: https://charts.bitnami.com/bitnami
  version: 19.0.2
- name: elasticsearch
  repository: https://charts.nected.io/
  version: 0.1.0
digest: sha256:5353332ee6721207f6fbbeaa381fd0ae8ea217a8423a6098fe4d4213b7df9d51
generated: "2024-04-07T22:14:31.222897+05:30"
